
Microsoft Visual Studio Solution File, Format Version 12.00
# Visual Studio Version 16
VisualStudioVersion = 16.0.29613.14
MinimumVisualStudioVersion = 10.0.40219.1
Project("{FAE04EC0-301F-11D3-BF4B-00C04F79EFBC}") = "TestSamples", "TestSamples\TestSamples.csproj", "{AA366789-48B6-4BC9-A589-D297C1423904}"
EndProject
Global
	GlobalSection(SolutionConfigurationPlatforms) = preSolution
		Debug|Any CPU = Debug|Any CPU
		Release|Any CPU = Release|Any CPU
	EndGlobalSection
	GlobalSection(ProjectConfigurationPlatforms) = postSolution
		{AA366789-48B6-4BC9-A589-D297C1423904}.Debug|Any CPU.ActiveCfg = Debug|Any CPU
		{AA366789-48B6-4BC9-A589-D297C1423904}.Debug|Any CPU.Build.0 = Debug|Any CPU
		{AA366789-48B6-4BC9-A589-D297C1423904}.Release|Any CPU.ActiveCfg = Release|Any CPU
		{AA366789-48B6-4BC9-A589-D297C1423904}.Release|Any CPU.Build.0 = Release|Any CPU
	EndGlobalSection
	GlobalSection(SolutionProperties) = preSolution
		HideSolutionNode = FALSE
	EndGlobalSection
	GlobalSection(ExtensibilityGlobals) = postSolution
		SolutionGuid = {D3928F93-EEF6-4807-BA93-B1A5077F0929}
	EndGlobalSection
EndGlobal
